// !$*UTF8*$!
{
	archiveVersion = 1;
	classes = {
	};
	objectVersion = 50;
	objects = {

/* Begin PBXBuildFile section */
		0D487B89223F68C100D3A3B4 /* AppDelegate.swift in Sources */ = {isa = PBXBuildFile; fileRef = 0D487B88223F68C100D3A3B4 /* AppDelegate.swift */; };
		0D487B8B223F68C100D3A3B4 /* ViewController.swift in Sources */ = {isa = PBXBuildFile; fileRef = 0D487B8A223F68C100D3A3B4 /* ViewController.swift */; };
		0D487B8E223F68C100D3A3B4 /* Main.storyboard in Resources */ = {isa = PBXBuildFile; fileRef = 0D487B8C223F68C100D3A3B4 /* Main.storyboard */; };
		0D487B90223F68C300D3A3B4 /* Assets.xcassets in Resources */ = {isa = PBXBuildFile; fileRef = 0D487B8F223F68C300D3A3B4 /* Assets.xcassets */; };
		0D487B93223F68C300D3A3B4 /* LaunchScreen.storyboard in Resources */ = {isa = PBXBuildFile; fileRef = 0D487B91223F68C300D3A3B4 /* LaunchScreen.storyboard */; };
		0D487B9C223F691A00D3A3B4 /* AYDownLoader.swift in Sources */ = {isa = PBXBuildFile; fileRef = 0D487B9B223F691A00D3A3B4 /* AYDownLoader.swift */; };
		0D487BC3224097B000D3A3B4 /* AYDownLoadManager.swift in Sources */ = {isa = PBXBuildFile; fileRef = 0D487BC2224097B000D3A3B4 /* AYDownLoadManager.swift */; };
		0D487BC52240A08B00D3A3B4 /* AYFileTool.swift in Sources */ = {isa = PBXBuildFile; fileRef = 0D487BC42240A08B00D3A3B4 /* AYFileTool.swift */; };
/* End PBXBuildFile section */

/* Begin PBXFileReference section */
		0D487B85223F68C100D3A3B4 /* AYDownLoader.app */ = {isa = PBXFileReference; explicitFileType = wrapper.application; includeInIndex = 0; path = AYDownLoader.app; sourceTree = BUILT_PRODUCTS_DIR; };
		0D487B88223F68C100D3A3B4 /* AppDelegate.swift */ = {isa = PBXFileReference; lastKnownFileType = sourcecode.swift; path = AppDelegate.swift; sourceTree = "<group>"; };
		0D487B8A223F68C100D3A3B4 /* ViewController.swift */ = {isa = PBXFileReference; lastKnownFileType = sourcecode.swift; path = ViewController.swift; sourceTree = "<group>"; };
		0D487B8D223F68C100D3A3B4 /* Base */ = {isa = PBXFileReference; lastKnownFileType = file.storyboard; name = Base; path = Base.lproj/Main.storyboard; sourceTree = "<group>"; };
		0D487B8F223F68C300D3A3B4 /* Assets.xcassets */ = {isa = PBXFileReference; lastKnownFileType = folder.assetcatalog; path = Assets.xcassets; sourceTree = "<group>"; };
		0D487B92223F68C300D3A3B4 /* Base */ = {isa = PBXFileReference; lastKnownFileType = file.storyboard; name = Base; path = Base.lproj/LaunchScreen.storyboard; sourceTree = "<group>"; };
		0D487B94223F68C300D3A3B4 /* Info.plist */ = {isa = PBXFileReference; lastKnownFileType = text.plist.xml; path = Info.plist; sourceTree = "<group>"; };
		0D487B9B223F691A00D3A3B4 /* AYDownLoader.swift */ = {isa = PBXFileReference; lastKnownFileType = sourcecode.swift; path = AYDownLoader.swift; sourceTree = "<group>"; };
		0D487BC2224097B000D3A3B4 /* AYDownLoadManager.swift */ = {isa = PBXFileReference; lastKnownFileType = sourcecode.swift; path = AYDownLoadManager.swift; sourceTree = "<group>"; };
		0D487BC42240A08B00D3A3B4 /* AYFileTool.swift */ = {isa = PBXFileReference; lastKnownFileType = sourcecode.swift; path = AYFileTool.swift; sourceTree = "<group>"; };
/* End PBXFileReference section */

/* Begin PBXFrameworksBuildPhase section */
		0D487B82223F68C100D3A3B4 /* Frameworks */ = {
			isa = PBXFrameworksBuildPhase;
			buildActionMask = 2147483647;
			files = (
			);
			runOnlyForDeploymentPostprocessing = 0;
		};
/* End PBXFrameworksBuildPhase section */

/* Begin PBXGroup section */
		0D487B7C223F68C100D3A3B4 = {
			isa = PBXGroup;
			children = (
				0D487B87223F68C100D3A3B4 /* AYDownLoader */,
				0D487B86223F68C100D3A3B4 /* Products */,
			);
			sourceTree = "<group>";
		};
		0D487B86223F68C100D3A3B4 /* Products */ = {
			isa = PBXGroup;
			children = (
				0D487B85223F68C100D3A3B4 /* AYDownLoader.app */,
			);
			name = Products;
			sourceTree = "<group>";
		};
		0D487B87223F68C100D3A3B4 /* AYDownLoader */ = {
			isa = PBXGroup;
			children = (
				0D487B9A223F690100D3A3B4 /* Classes */,
				0D487B88223F68C100D3A3B4 /* AppDelegate.swift */,
				0D487B8A223F68C100D3A3B4 /* ViewController.swift */,
				0D487B8C223F68C100D3A3B4 /* Main.storyboard */,
				0D487B8F223F68C300D3A3B4 /* Assets.xcassets */,
				0D487B91223F68C300D3A3B4 /* LaunchScreen.storyboard */,
				0D487B94223F68C300D3A3B4 /* Info.plist */,
			);
			path = AYDownLoader;
			sourceTree = "<group>";
		};
		0D487B9A223F690100D3A3B4 /* Classes */ = {
			isa = PBXGroup;
			children = (
				0D487BC42240A08B00D3A3B4 /* AYFileTool.swift */,
				0D487B9B223F691A00D3A3B4 /* AYDownLoader.swift */,
				0D487BC2224097B000D3A3B4 /* AYDownLoadManager.swift */,
			);
			path = Classes;
			sourceTree = "<group>";
		};
/* End PBXGroup section */

/* Begin PBXNativeTarget section */
		0D487B84223F68C100D3A3B4 /* AYDownLoader */ = {
			isa = PBXNativeTarget;
			buildConfigurationList = 0D487B97223F68C300D3A3B4 /* Build configuration list for PBXNativeTarget "AYDownLoader" */;
			buildPhases = (
				0D487B81223F68C100D3A3B4 /* Sources */,
				0D487B82223F68C100D3A3B4 /* Frameworks */,
				0D487B83223F68C100D3A3B4 /* Resources */,
			);
			buildRules = (
			);
			dependencies = (
			);
			name = AYDownLoader;
			productName = AYDownLoader;
			productReference = 0D487B85223F68C100D3A3B4 /* AYDownLoader.app */;
			productType = "com.apple.product-type.application";
		};
/* End PBXNativeTarget section */

/* Begin PBXProject section */
		0D487B7D223F68C100D3A3B4 /* Project object */ = {
			isa = PBXProject;
			attributes = {
				LastSwiftUpdateCheck = 1010;
				LastUpgradeCheck = 1010;
				ORGANIZATIONNAME = wangyawei;
				TargetAttributes = {
					0D487B84223F68C100D3A3B4 = {
						CreatedOnToolsVersion = 10.1;
						LastSwiftMigration = 1010;
					};
				};
			};
			buildConfigurationList = 0D487B80223F68C100D3A3B4 /* Build configuration list for PBXProject "AYDownLoader" */;
			compatibilityVersion = "Xcode 9.3";
			developmentRegion = en;
			hasScannedForEncodings = 0;
			knownRegions = (
				en,
				Base,
			);
			mainGroup = 0D487B7C223F68C100D3A3B4;
			productRefGroup = 0D487B86223F68C100D3A3B4 /* Products */;
			projectDirPath = "";
			projectRoot = "";
			targets = (
				0D487B84223F68C100D3A3B4 /* AYDownLoader */,
			);
		};
/* End PBXProject section */

/* Begin PBXResourcesBuildPhase section */
		0D487B83223F68C100D3A3B4 /* Resources */ = {
			isa = PBXResourcesBuildPhase;
			buildActionMask = 2147483647;
			files = (
				0D487B93223F68C300D3A3B4 /* LaunchScreen.storyboard in Resources */,
				0D487B90223F68C300D3A3B4 /* Assets.xcassets in Resources */,
				0D487B8E223F68C100D3A3B4 /* Main.storyboard in Resources */,
			);
			runOnlyForDeploymentPostprocessing = 0;
		};
/* End PBXResourcesBuildPhase section */

/* Begin PBXSourcesBuildPhase section */
		0D487B81223F68C100D3A3B4 /* Sources */ = {
			isa = PBXSourcesBuildPhase;
			buildActionMask = 2147483647;
			files = (
				0D487B8B223F68C100D3A3B4 /* ViewController.swift in Sources */,
				0D487B89223F68C100D3A3B4 /* AppDelegate.swift in Sources */,
				0D487BC3224097B000D3A3B4 /* AYDownLoadManager.swift in Sources */,
				0D487BC52240A08B00D3A3B4 /* AYFileTool.swift in Sources */,
				0D487B9C223F691A00D3A3B4 /* AYDownLoader.swift in Sources */,
			);
			runOnlyForDeploymentPostprocessing = 0;
		};
/* End PBXSourcesBuildPhase section */

/* Begin PBXVariantGroup section */
		0D487B8C223F68C100D3A3B4 /* Main.storyboard */ = {
			isa = PBXVariantGroup;
			children = (
				0D487B8D223F68C100D3A3B4 /* Base */,
			);
			name = Main.storyboard;
			sourceTree = "<group>";
		};
		0D487B91223F68C300D3A3B4 /* LaunchScreen.storyboard */ = {
			isa = PBXVariantGroup;
			children = (
				0D487B92223F68C300D3A3B4 /* Base */,
			);
			name = LaunchScreen.storyboard;
			sourceTree = "<group>";
		};
/* End PBXVariantGroup section */

/* Begin XCBuildConfiguration section */
		0D487B95223F68C300D3A3B4 /* Debug */ = {
			isa = XCBuildConfiguration;
			buildSettings = {
				ALWAYS_SEARCH_USER_PATHS = NO;
				CLANG_ANALYZER_NONNULL = YES;
				CLANG_ANALYZER_NUMBER_OBJECT_CONVERSION = YES_AGGRESSIVE;
				CLANG_CXX_LANGUAGE_STANDARD = "gnu++14";
				CLANG_CXX_LIBRARY = "libc++";
				CLANG_ENABLE_MODULES = YES;
				CLANG_ENABLE_OBJC_ARC = YES;
				CLANG_ENABLE_OBJC_WEAK = YES;
				CLANG_WARN_BLOCK_CAPTURE_AUTORELEASING = YES;
				CLANG_WARN_BOOL_CONVERSION = YES;
				CLANG_WARN_COMMA = YES;
				CLANG_WARN_CONSTANT_CONVERSION = YES;
				CLANG_WARN_DEPRECATED_OBJC_IMPLEMENTATIONS = YES;
				CLANG_WARN_DIRECT_OBJC_ISA_USAGE = YES_ERROR;
				CLANG_WARN_DOCUMENTATION_COMMENTS = YES;
				CLANG_WARN_EMPTY_BODY = YES;
				CLANG_WARN_ENUM_CONVERSION = YES;
				CLANG_WARN_INFINITE_RECURSION = YES;
				CLANG_WARN_INT_CONVERSION = YES;
				CLANG_WARN_NON_LITERAL_NULL_CONVERSION = YES;
				CLANG_WARN_OBJC_IMPLICIT_RETAIN_SELF = YES;
				CLANG_WARN_OBJC_LITERAL_CONVERSION = YES;
				CLANG_WARN_OBJC_ROOT_CLASS = YES_ERROR;
				CLANG_WARN_RANGE_LOOP_ANALYSIS = YES;
				CLANG_WARN_STRICT_PROTOTYPES = YES;
				CLANG_WARN_SUSPICIOUS_MOVE = YES;
				CLANG_WARN_UNGUARDED_AVAILABILITY = YES_AGGRESSIVE;
				CLANG_WARN_UNREACHABLE_CODE = YES;
				CLANG_WARN__DUPLICATE_METHOD_MATCH = YES;
				CODE_SIGN_IDENTITY = "iPhone Developer";
				COPY_PHASE_STRIP = NO;
				DEBUG_INFORMATION_FORMAT = dwarf;
				ENABLE_STRICT_OBJC_MSGSEND = YES;
				ENABLE_TESTABILITY = YES;
				GCC_C_LANGUAGE_STANDARD = gnu11;
				GCC_DYNAMIC_NO_PIC = NO;
				GCC_NO_COMMON_BLOCKS = YES;
				GCC_OPTIMIZATION_LEVEL = 0;
				GCC_PREPROCESSOR_DEFINITIONS = (
					"DEBUG=1",
					"$(inherited)",
				);
				GCC_WARN_64_TO_32_BIT_CONVERSION = YES;
				GCC_WARN_ABOUT_RETURN_TYPE = YES_ERROR;
				GCC_WARN_UNDECLARED_SELECTOR = YES;
				GCC_WARN_UNINITIALIZED_AUTOS = YES_AGGRESSIVE;
				GCC_WARN_UNUSED_FUNCTION = YES;
				GCC_WARN_UNUSED_VARIABLE = YES;
				IPHONEOS_DEPLOYMENT_TARGET = 9.0;
				MTL_ENABLE_DEBUG_INFO = INCLUDE_SOURCE;
				MTL_FAST_MATH = YES;
				ONLY_ACTIVE_ARCH = YES;
				SDKROOT = iphoneos;
				SWIFT_ACTIVE_COMPILATION_CONDITIONS = DEBUG;
				SWIFT_OPTIMIZATION_LEVEL = "-Onone";
			};
			name = Debug;
		};
		0D487B96223F68C300D3A3B4 /* Release */ = {
			isa = XCBuildConfiguration;
			buildSettings = {
				ALWAYS_SEARCH_USER_PATHS = NO;
				CLANG_ANALYZER_NONNULL = YES;
				CLANG_ANALYZER_NUMBER_OBJECT_CONVERSION = YES_AGGRESSIVE;
				CLANG_CXX_LANGUAGE_STANDARD = "gnu++14";
				CLANG_CXX_LIBRARY = "libc++";
				CLANG_ENABLE_MODULES = YES;
				CLANG_ENABLE_OBJC_ARC = YES;
				CLANG_ENABLE_OBJC_WEAK = YES;
				CLANG_WARN_BLOCK_CAPTURE_AUTORELEASING = YES;
				CLANG_WARN_BOOL_CONVERSION = YES;
				CLANG_WARN_COMMA = YES;
				CLANG_WARN_CONSTANT_CONVERSION = YES;
				CLANG_WARN_DEPRECATED_OBJC_IMPLEMENTATIONS = YES;
				CLANG_WARN_DIRECT_OBJC_ISA_USAGE = YES_ERROR;
				CLANG_WARN_DOCUMENTATION_COMMENTS = YES;
				CLANG_WARN_EMPTY_BODY = YES;
				CLANG_WARN_ENUM_CONVERSION = YES;
				CLANG_WARN_INFINITE_RECURSION = YES;
				CLANG_WARN_INT_CONVERSION = YES;
				CLANG_WARN_NON_LITERAL_NULL_CONVERSION = YES;
				CLANG_WARN_OBJC_IMPLICIT_RETAIN_SELF = YES;
				CLANG_WARN_OBJC_LITERAL_CONVERSION = YES;
				CLANG_WARN_OBJC_ROOT_CLASS = YES_ERROR;
				CLANG_WARN_RANGE_LOOP_ANALYSIS = YES;
				CLANG_WARN_STRICT_PROTOTYPES = YES;
				CLANG_WARN_SUSPICIOUS_MOVE = YES;
				CLANG_WARN_UNGUARDED_AVAILABILITY = YES_AGGRESSIVE;
				CLANG_WARN_UNREACHABLE_CODE = YES;
				CLANG_WARN__DUPLICATE_METHOD_MATCH = YES;
				CODE_SIGN_IDENTITY = "iPhone Developer";
				COPY_PHASE_STRIP = NO;
				DEBUG_INFORMATION_FORMAT = "dwarf-with-dsym";
				ENABLE_NS_ASSERTIONS = NO;
				ENABLE_STRICT_OBJC_MSGSEND = YES;
				GCC_C_LANGUAGE_STANDARD = gnu11;
				GCC_NO_COMMON_BLOCKS = YES;
				GCC_WARN_64_TO_32_BIT_CONVERSION = YES;
				GCC_WARN_ABOUT_RETURN_TYPE = YES_ERROR;
				GCC_WARN_UNDECLARED_SELECTOR = YES;
				GCC_WARN_UNINITIALIZED_AUTOS = YES_AGGRESSIVE;
				GCC_WARN_UNUSED_FUNCTION = YES;
				GCC_WARN_UNUSED_VARIABLE = YES;
				IPHONEOS_DEPLOYMENT_TARGET = 9.0;
				MTL_ENABLE_DEBUG_INFO = NO;
				MTL_FAST_MATH = YES;
				SDKROOT = iphoneos;
				SWIFT_COMPILATION_MODE = wholemodule;
				SWIFT_OPTIMIZATION_LEVEL = "-O";
				VALIDATE_PRODUCT = YES;
			};
			name = Release;
		};
		0D487B98223F68C300D3A3B4 /* Debug */ = {
			isa = XCBuildConfiguration;
			buildSettings = {
				ASSETCATALOG_COMPILER_APPICON_NAME = AppIcon;
				CLANG_ENABLE_MODULES = YES;
				CODE_SIGN_STYLE = Automatic;
				DEVELOPMENT_TEAM = WQ8T4TXTS9;
				INFOPLIST_FILE = AYDownLoader/Info.plist;
				LD_RUNPATH_SEARCH_PATHS = (
					"$(inherited)",
					"@executable_path/Frameworks",
				);
				PRODUCT_BUNDLE_IDENTIFIER = com.andy.www.AYDownLoader;
				PRODUCT_NAME = "$(TARGET_NAME)";
				SWIFT_OBJC_BRIDGING_HEADER = "";
				SWIFT_OPTIMIZATION_LEVEL = "-Onone";
				SWIFT_VERSION = 4.2;
				TARGETED_DEVICE_FAMILY = "1,2";
			};
			name = Debug;
		};
		0D487B99223F68C300D3A3B4 /* Release */ = {
			isa = XCBuildConfiguration;
			buildSettings = {
				ASSETCATALOG_COMPILER_APPICON_NAME = AppIcon;
				CLANG_ENABLE_MODULES = YES;
				CODE_SIGN_STYLE = Automatic;
				DEVELOPMENT_TEAM = WQ8T4TXTS9;
				INFOPLIST_FILE = AYDownLoader/Info.plist;
				LD_RUNPATH_SEARCH_PATHS = (
					"$(inherited)",
					"@executable_path/Frameworks",
				);
				PRODUCT_BUNDLE_IDENTIFIER = com.andy.www.AYDownLoader;
				PRODUCT_NAME = "$(TARGET_NAME)";
				SWIFT_OBJC_BRIDGING_HEADER = "";
				SWIFT_VERSION = 4.2;
				TARGETED_DEVICE_FAMILY = "1,2";
			};
			name = Release;
		};
/* End XCBuildConfiguration section */

/* Begin XCConfigurationList section */
		0D487B80223F68C100D3A3B4 /* Build configuration list for PBXProject "AYDownLoader" */ = {
			isa = XCConfigurationList;
			buildConfigurations = (
				0D487B95223F68C300D3A3B4 /* Debug */,
				0D487B96223F68C300D3A3B4 /* Release */,
			);
			defaultConfigurationIsVisible = 0;
			defaultConfigurationName = Release;
		};
		0D487B97223F68C300D3A3B4 /* Build configuration list for PBXNativeTarget "AYDownLoader" */ = {
			isa = XCConfigurationList;
			buildConfigurations = (
				0D487B98223F68C300D3A3B4 /* Debug */,
				0D487B99223F68C300D3A3B4 /* Release */,
			);
			defaultConfigurationIsVisible = 0;
			defaultConfigurationName = Release;
		};
/* End XCConfigurationList section */
	};
	rootObject = 0D487B7D223F68C100D3A3B4 /* Project object */;
}
